
Microsoft Visual Studio Solution File, Format Version 12.00
# Visual Studio Version 16
VisualStudioVersion = 16.0.31424.327
MinimumVisualStudioVersion = 10.0.40219.1
Project("{8BC9CEB8-8B4A-11D0-8D11-00A0C91BC942}") = "DxLib_test1", "DxLib_test1.vcxproj", "{695CBE91-5CB5-4938-A5EF-91874759DFEE}"
EndProject
Global
	GlobalSection(SolutionConfigurationPlatforms) = preSolution
		Debug|x64 = Debug|x64
		Debug|x86 = Debug|x86
		Release|x64 = Release|x64
		Release|x86 = Release|x86
	EndGlobalSection
	GlobalSection(ProjectConfigurationPlatforms) = postSolution
		{695CBE91-5CB5-4938-A5EF-91874759DFEE}.Debug|x64.ActiveCfg = Debug|x64
		{695CBE91-5CB5-4938-A5EF-91874759DFEE}.Debug|x64.Build.0 = Debug|x64
		{695CBE91-5CB5-4938-A5EF-91874759DFEE}.Debug|x86.ActiveCfg = Debug|Win32
		{695CBE91-5CB5-4938-A5EF-91874759DFEE}.Debug|x86.Build.0 = Debug|Win32
		{695CBE91-5CB5-4938-A5EF-91874759DFEE}.Release|x64.ActiveCfg = Release|x64
		{695CBE91-5CB5-4938-A5EF-91874759DFEE}.Release|x64.Build.0 = Release|x64
		{695CBE91-5CB5-4938-A5EF-91874759DFEE}.Release|x86.ActiveCfg = Release|Win32
		{695CBE91-5CB5-4938-A5EF-91874759DFEE}.Release|x86.Build.0 = Release|Win32
	EndGlobalSection
	GlobalSection(SolutionProperties) = preSolution
		HideSolutionNode = FALSE
	EndGlobalSection
	GlobalSection(ExtensibilityGlobals) = postSolution
		SolutionGuid = {47573765-DA20-43D1-AEDF-B02116A38AA9}
	EndGlobalSection
EndGlobal
